{
  "version": 4,
  "terraform_version": "0.15.5",
  "serial": 1,
  "lineage": "ab6cfc5d-4a94-9e15-dac1-223ba0e8d1f0",
  "outputs": {},
  "resources": [
    {
      "mode": "managed",
      "type": "aws_s3_bucket",
      "name": "stellarbot-kops-state-us-east-2-dev",
      "provider": "provider[\"registry.terraform.io/hashicorp/aws\"]",
      "instances": [
        {
          "schema_version": 0,
          "attributes": {
            "acceleration_status": "",
            "acl": "private",
            "arn": "arn:aws:s3:::stellarbot-kops-state-us-east-2-dev",
            "bucket": "stellarbot-kops-state-us-east-2-dev",
            "bucket_domain_name": "stellarbot-kops-state-us-east-2-dev.s3.amazonaws.com",
            "bucket_prefix": null,
            "bucket_regional_domain_name": "stellarbot-kops-state-us-east-2-dev.s3.us-east-2.amazonaws.com",
            "cors_rule": [],
            "force_destroy": false,
            "grant": [],
            "hosted_zone_id": "Z2O1EMRO9K5GLX",
            "id": "stellarbot-kops-state-us-east-2-dev",
            "lifecycle_rule": [],
            "logging": [],
            "object_lock_configuration": [],
            "policy": null,
            "region": "us-east-2",
            "replication_configuration": [],
            "request_payer": "BucketOwner",
            "server_side_encryption_configuration": [],
            "tags": {
              "Name": "S3 Remote KOPS State Store for stellarbot-us-east-2-dev.k8s.local"
            },
            "tags_all": {
              "Name": "S3 Remote KOPS State Store for stellarbot-us-east-2-dev.k8s.local"
            },
            "versioning": [
              {
                "enabled": true,
                "mfa_delete": false
              }
            ],
            "website": [],
            "website_domain": null,
            "website_endpoint": null
          },
          "sensitive_attributes": [],
          "private": "bnVsbA=="
        }
      ]
    }
  ]
}
