{
  "version": 4,
  "terraform_version": "0.15.5",
  "serial": 3,
  "lineage": "f59a1753-9f77-a5e5-35c3-f5427d8d6ece",
  "outputs": {},
  "resources": [
    {
      "mode": "managed",
      "type": "aws_dynamodb_table",
      "name": "stellarbot-terraform-state-us-east-2-dev",
      "provider": "provider[\"registry.terraform.io/hashicorp/aws\"]",
      "instances": [
        {
          "schema_version": 1,
          "attributes": {
            "arn": "arn:aws:dynamodb:us-east-2:421987441365:table/stellarbot-terraform-state-us-east-2-dev",
            "attribute": [
              {
                "name": "LockID",
                "type": "S"
              }
            ],
            "billing_mode": "PROVISIONED",
            "global_secondary_index": [],
            "hash_key": "LockID",
            "id": "stellarbot-terraform-state-us-east-2-dev",
            "local_secondary_index": [],
            "name": "stellarbot-terraform-state-us-east-2-dev",
            "point_in_time_recovery": [
              {
                "enabled": false
              }
            ],
            "range_key": null,
            "read_capacity": 20,
            "replica": [],
            "server_side_encryption": [],
            "stream_arn": "",
            "stream_enabled": false,
            "stream_label": "",
            "stream_view_type": "",
            "tags": {
              "Name": "DynamoDB Terraform State Lock Table for stellarbot-us-east-2-dev.k8s.local"
            },
            "tags_all": {
              "Name": "DynamoDB Terraform State Lock Table for stellarbot-us-east-2-dev.k8s.local"
            },
            "timeouts": null,
            "ttl": [
              {
                "attribute_name": "",
                "enabled": false,
                "kms_key_arn": ""
              }
            ],
            "write_capacity": 20
          },
          "sensitive_attributes": [],
          "private": "eyJlMmJmYjczMC1lY2FhLTExZTYtOGY4OC0zNDM2M2JjN2M0YzAiOnsiY3JlYXRlIjoxMjAwMDAwMDAwMDAwLCJkZWxldGUiOjYwMDAwMDAwMDAwMCwidXBkYXRlIjozNjAwMDAwMDAwMDAwfSwic2NoZW1hX3ZlcnNpb24iOiIxIn0="
        }
      ]
    },
    {
      "mode": "managed",
      "type": "aws_s3_bucket",
      "name": "stellarbot-terraform-state-us-east-2-dev",
      "provider": "provider[\"registry.terraform.io/hashicorp/aws\"]",
      "instances": [
        {
          "schema_version": 0,
          "attributes": {
            "acceleration_status": "",
            "acl": "private",
            "arn": "arn:aws:s3:::stellarbot-terraform-state-us-east-2-dev",
            "bucket": "stellarbot-terraform-state-us-east-2-dev",
            "bucket_domain_name": "stellarbot-terraform-state-us-east-2-dev.s3.amazonaws.com",
            "bucket_prefix": null,
            "bucket_regional_domain_name": "stellarbot-terraform-state-us-east-2-dev.s3.us-east-2.amazonaws.com",
            "cors_rule": [],
            "force_destroy": false,
            "grant": [],
            "hosted_zone_id": "Z2O1EMRO9K5GLX",
            "id": "stellarbot-terraform-state-us-east-2-dev",
            "lifecycle_rule": [],
            "logging": [],
            "object_lock_configuration": [],
            "policy": null,
            "region": "us-east-2",
            "replication_configuration": [],
            "request_payer": "BucketOwner",
            "server_side_encryption_configuration": [],
            "tags": {
              "Name": "S3 Remote Terraform State Store for stellarbot-us-east-2-dev.k8s.local"
            },
            "tags_all": {
              "Name": "S3 Remote Terraform State Store for stellarbot-us-east-2-dev.k8s.local"
            },
            "versioning": [
              {
                "enabled": true,
                "mfa_delete": false
              }
            ],
            "website": [],
            "website_domain": null,
            "website_endpoint": null
          },
          "sensitive_attributes": [],
          "private": "bnVsbA=="
        }
      ]
    }
  ]
}
